# This file is autogenerated, do not edit; changes may be undone by the next 'dep ensure'.


[[projects]]
  name = "admiralty.io/multicluster-controller"
  packages = ["pkg/cluster","pkg/controller","pkg/handler","pkg/manager","pkg/reconcile","pkg/reference"]
  revision = "93617a36af06b35194817cb953fc344f42290bd4"
  version = "v0.1.0"

[[projects]]
  name = "admiralty.io/multicluster-service-account"
  packages = ["pkg/config"]
  revision = "24842274191c2b9d1e2c562228c4517245300783"
  version = "v0.5.0"

[[projects]]
  name = "cloud.google.com/go"
  packages = ["compute/metadata"]
  revision = "264def2dd949cdb8a803bb9f50fa29a67b798a6a"
  version = "v0.46.3"

[[projects]]
  branch = "annotations"
  name = "github.com/Orange-OpenSource/cassandra-k8s-operator"
  packages = ["pkg/apis","pkg/apis/db/v1alpha1"]
  revision = "a08e140e49e4f602d1fdab05ec03b41def3af43b"

[[projects]]
  name = "github.com/PuerkitoBio/purell"
  packages = ["."]
  revision = "44968752391892e1b0d0b821ee79e9a85fa13049"
  version = "v1.1.1"

[[projects]]
  branch = "master"
  name = "github.com/PuerkitoBio/urlesc"
  packages = ["."]
  revision = "de5bf2ad457846296e2031421a34e2568e304e35"

[[projects]]
  name = "github.com/davecgh/go-spew"
  packages = ["spew"]
  revision = "8991bc29aa16c548c550c7ff78260e27b9ab7c73"
  version = "v1.1.1"

[[projects]]
  name = "github.com/emicklei/go-restful"
  packages = [".","log"]
  revision = "f48aa74d360eda838561e6db9d36c6538398343f"
  version = "v2.10.0"

[[projects]]
  name = "github.com/ghodss/yaml"
  packages = ["."]
  revision = "0ca9ea5df5451ffdf184b4428c902747c2c11cd7"
  version = "v1.0.0"

[[projects]]
  name = "github.com/go-logr/logr"
  packages = ["."]
  revision = "9fb12b3b21c5415d16ac18dc5cd42c1cfdd40c4e"
  version = "v0.1.0"

[[projects]]
  name = "github.com/go-logr/zapr"
  packages = ["."]
  revision = "03f06a783fbb7dfaf3f629c7825480e43a7105e6"
  version = "v0.1.1"

[[projects]]
  name = "github.com/go-openapi/jsonpointer"
  packages = ["."]
  revision = "ed123515f087412cd7ef02e49b0b0a5e6a79a360"
  version = "v0.19.3"

[[projects]]
  name = "github.com/go-openapi/jsonreference"
  packages = ["."]
  revision = "82f31475a8f7a12bc26962f6e26ceade8ea6f66a"
  version = "v0.19.3"

[[projects]]
  branch = "master"
  name = "github.com/go-openapi/spec"
  packages = ["."]
  revision = "8557d72e4f077c2dbe1e48df09e596b6fb9b7991"

[[projects]]
  name = "github.com/go-openapi/swag"
  packages = ["."]
  revision = "c3d0f7896d589f3babb99eea24bbc7de98108e72"
  version = "v0.19.5"

[[projects]]
  name = "github.com/gobuffalo/envy"
  packages = ["."]
  revision = "909ea676d4c90832fefbf55a5a4fb04d8bef8931"
  version = "v1.7.1"

[[projects]]
  name = "github.com/gogo/protobuf"
  packages = ["proto","sortkeys"]
  revision = "0ca988a254f991240804bf9821f3450d87ccbb1b"
  version = "v1.3.0"

[[projects]]
  branch = "master"
  name = "github.com/golang/glog"
  packages = ["."]
  revision = "23def4e6c14b4da8ac2ed8007337bc5eb5007998"

[[projects]]
  name = "github.com/golang/protobuf"
  packages = ["proto","ptypes","ptypes/any","ptypes/duration","ptypes/timestamp"]
  revision = "6c65a5562fc06764971b7c5d05c76c75e84bdbf7"
  version = "v1.3.2"

[[projects]]
  name = "github.com/google/btree"
  packages = ["."]
  revision = "4030bb1f1f0c35b30ca7009e9ebd06849dd45306"
  version = "v1.0.0"

[[projects]]
  name = "github.com/google/gofuzz"
  packages = ["."]
  revision = "f140a6486e521aad38f5917de355cbf147cc0496"
  version = "v1.0.0"

[[projects]]
  name = "github.com/googleapis/gnostic"
  packages = ["OpenAPIv2","compiler","extensions"]
  revision = "ab0dd09aa10e2952b28e12ecd35681b20463ebab"
  version = "v0.3.1"

[[projects]]
  branch = "master"
  name = "github.com/gregjones/httpcache"
  packages = [".","diskcache"]
  revision = "901d90724c7919163f472a9812253fb26761123d"

[[projects]]
  name = "github.com/hashicorp/golang-lru"
  packages = [".","simplelru"]
  revision = "7f827b33c0f158ec5dfbba01bb0b14a4541fd81d"
  version = "v0.5.3"

[[projects]]
  name = "github.com/imdario/mergo"
  packages = ["."]
  revision = "1afb36080aec31e0d1528973ebe6721b191b0369"
  version = "v0.3.8"

[[projects]]
  name = "github.com/joho/godotenv"
  packages = ["."]
  revision = "23d116af351c84513e1946b527c88823e476be13"
  version = "v1.3.0"

[[projects]]
  name = "github.com/json-iterator/go"
  packages = ["."]
  revision = "27518f6661eba504be5a7a9a9f6d9460d892ade3"
  version = "v1.1.7"

[[projects]]
  name = "github.com/konsorten/go-windows-terminal-sequences"
  packages = ["."]
  revision = "f55edac94c9bbba5d6182a4be46d86a2c9b5b50e"
  version = "v1.0.2"

[[projects]]
  name = "github.com/kylelemons/godebug"
  packages = ["diff","pretty"]
  revision = "9ff306d4fbead574800b66369df5b6144732d58e"
  version = "v1.1.0"

[[projects]]
  name = "github.com/mailru/easyjson"
  packages = ["buffer","jlexer","jwriter"]
  revision = "1b2b06f5f209fea48ff5922d8bfb2b9ed5d8f00b"
  version = "v0.7.0"

[[projects]]
  name = "github.com/markbates/inflect"
  packages = ["."]
  revision = "24b83195037b3bc61fcda2d28b7b0518bce293b6"
  version = "v1.0.4"

[[projects]]
  name = "github.com/modern-go/concurrent"
  packages = ["."]
  revision = "bacd9c7ef1dd9b15be4a9909b8ac7a4e313eec94"
  version = "1.0.3"

[[projects]]
  name = "github.com/modern-go/reflect2"
  packages = ["."]
  revision = "4b7aa43c6742a2c18fdef89dd197aaae7dac7ccd"
  version = "1.0.1"

[[projects]]
  name = "github.com/operator-framework/operator-sdk"
  packages = ["pkg/k8sutil"]
  revision = "ff80b17737a6a0aade663e4827e8af3ab5a21170"
  version = "v0.10.0"

[[projects]]
  branch = "master"
  name = "github.com/petar/GoLLRB"
  packages = ["llrb"]
  revision = "33fb24c13b99c46c93183c291836c573ac382536"

[[projects]]
  name = "github.com/peterbourgon/diskv"
  packages = ["."]
  revision = "0be1b92a6df0e4f5cb0a5d15fb7f643d0ad93ce6"
  version = "v3.0.0"

[[projects]]
  name = "github.com/pkg/errors"
  packages = ["."]
  revision = "ba968bfe8b2f7e042a574c888954fccecfa385b4"
  version = "v0.8.1"

[[projects]]
  name = "github.com/rogpeppe/go-internal"
  packages = ["modfile","module","semver"]
  revision = "d89504fbbf2c313df24867a5ffafcc9b847961ff"
  version = "v1.5.0"

[[projects]]
  name = "github.com/sirupsen/logrus"
  packages = ["."]
  revision = "839c75faf7f98a33d445d181f3018b5c3409a45e"
  version = "v1.4.2"

[[projects]]
  name = "github.com/spf13/afero"
  packages = [".","mem"]
  revision = "588a75ec4f32903aa5e39a2619ba6a4631e28424"
  version = "v1.2.2"

[[projects]]
  name = "github.com/spf13/pflag"
  packages = ["."]
  revision = "2e9d26c8c37aae03e3f9d4e90b7116f5accb7cab"
  version = "v1.0.5"

[[projects]]
  name = "go.uber.org/atomic"
  packages = ["."]
  revision = "df976f2515e274675050de7b3f42545de80594fd"
  version = "v1.4.0"

[[projects]]
  name = "go.uber.org/multierr"
  packages = ["."]
  revision = "71e610a0e48dbda460d9c18adca8b5f2de04a7c1"
  version = "v1.2.0"

[[projects]]
  name = "go.uber.org/zap"
  packages = [".","buffer","internal/bufferpool","internal/color","internal/exit","zapcore"]
  revision = "27376062155ad36be76b0f12cf1572a221d3a48c"
  version = "v1.10.0"

[[projects]]
  branch = "master"
  name = "golang.org/x/crypto"
  packages = ["ssh/terminal"]
  revision = "34f69633bfdcf9db92f698f8487115767eebef81"

[[projects]]
  branch = "master"
  name = "golang.org/x/net"
  packages = ["context","context/ctxhttp","http/httpguts","http2","http2/hpack","idna"]
  revision = "72f939374954d0a1b2a1e27dcda950e2724dd5c1"

[[projects]]
  branch = "master"
  name = "golang.org/x/oauth2"
  packages = [".","google","internal","jws","jwt"]
  revision = "0f29369cfe4552d0e4bcddc57cc75f4d7e672a33"

[[projects]]
  branch = "master"
  name = "golang.org/x/sys"
  packages = ["unix","windows"]
  revision = "543471e840be449c53d44b32c7adf1261ad67e37"

[[projects]]
  name = "golang.org/x/text"
  packages = ["collate","collate/build","internal/colltab","internal/gen","internal/language","internal/language/compact","internal/tag","internal/triegen","internal/ucd","language","secure/bidirule","transform","unicode/bidi","unicode/cldr","unicode/norm","unicode/rangetable","width"]
  revision = "342b2e1fbaa52c93f31447ad2c6abc048c63e475"
  version = "v0.3.2"

[[projects]]
  branch = "master"
  name = "golang.org/x/time"
  packages = ["rate"]
  revision = "c4c64cad1fd0a1a8dab2523e04e61d35308e131e"

[[projects]]
  branch = "master"
  name = "golang.org/x/tools"
  packages = ["go/ast/astutil","go/gcexportdata","go/internal/gcimporter","go/internal/packagesdriver","go/packages","go/types/typeutil","imports","internal/fastwalk","internal/gopathwalk","internal/imports","internal/module","internal/semver"]
  revision = "6536af71d98a5bb8f2cbd2f5e62afc2f6cc93dbb"

[[projects]]
  name = "google.golang.org/appengine"
  packages = [".","internal","internal/app_identity","internal/base","internal/datastore","internal/log","internal/modules","internal/remote_api","internal/urlfetch","urlfetch"]
  revision = "971852bfffca25b069c31162ae8f247a3dba083b"
  version = "v1.6.5"

[[projects]]
  name = "gopkg.in/inf.v0"
  packages = ["."]
  revision = "d2d2541c53f18d2a059457998ce2876cc8e67cbf"
  version = "v0.9.1"

[[projects]]
  name = "gopkg.in/yaml.v2"
  packages = ["."]
  revision = "f221b8435cfb71e54062f6c6e99e9ade30b124d5"
  version = "v2.2.4"

[[projects]]
  name = "k8s.io/api"
  packages = ["admissionregistration/v1alpha1","admissionregistration/v1beta1","apps/v1","apps/v1beta1","apps/v1beta2","auditregistration/v1alpha1","authentication/v1","authentication/v1beta1","authorization/v1","authorization/v1beta1","autoscaling/v1","autoscaling/v2beta1","autoscaling/v2beta2","batch/v1","batch/v1beta1","batch/v2alpha1","certificates/v1beta1","coordination/v1beta1","core/v1","events/v1beta1","extensions/v1beta1","networking/v1","policy/v1beta1","rbac/v1","rbac/v1alpha1","rbac/v1beta1","scheduling/v1alpha1","scheduling/v1beta1","settings/v1alpha1","storage/v1","storage/v1alpha1","storage/v1beta1"]
  revision = "05914d821849570fba9eacfb29466f2d8d3cd229"

[[projects]]
  name = "k8s.io/apiextensions-apiserver"
  packages = ["pkg/apis/apiextensions","pkg/apis/apiextensions/v1beta1"]
  revision = "0fe22c71c47604641d9aa352c785b7912c200562"

[[projects]]
  name = "k8s.io/apimachinery"
  packages = ["pkg/api/equality","pkg/api/errors","pkg/api/meta","pkg/api/resource","pkg/apis/meta/internalversion","pkg/apis/meta/v1","pkg/apis/meta/v1/unstructured","pkg/apis/meta/v1beta1","pkg/conversion","pkg/conversion/queryparams","pkg/fields","pkg/labels","pkg/runtime","pkg/runtime/schema","pkg/runtime/serializer","pkg/runtime/serializer/json","pkg/runtime/serializer/protobuf","pkg/runtime/serializer/recognizer","pkg/runtime/serializer/streaming","pkg/runtime/serializer/versioning","pkg/selection","pkg/types","pkg/util/cache","pkg/util/clock","pkg/util/diff","pkg/util/errors","pkg/util/framer","pkg/util/intstr","pkg/util/json","pkg/util/naming","pkg/util/net","pkg/util/runtime","pkg/util/sets","pkg/util/validation","pkg/util/validation/field","pkg/util/wait","pkg/util/yaml","pkg/version","pkg/watch","third_party/forked/golang/reflect"]
  revision = "2b1284ed4c93a43499e781493253e2ac5959c4fd"

[[projects]]
  name = "k8s.io/client-go"
  packages = ["discovery","dynamic","kubernetes/scheme","pkg/apis/clientauthentication","pkg/apis/clientauthentication/v1alpha1","pkg/apis/clientauthentication/v1beta1","pkg/version","plugin/pkg/client/auth/exec","plugin/pkg/client/auth/gcp","plugin/pkg/client/auth/oidc","rest","rest/watch","restmapper","third_party/forked/golang/template","tools/auth","tools/cache","tools/clientcmd","tools/clientcmd/api","tools/clientcmd/api/latest","tools/clientcmd/api/v1","tools/metrics","tools/pager","transport","util/buffer","util/cert","util/connrotation","util/flowcontrol","util/homedir","util/integer","util/jsonpath","util/retry","util/workqueue"]
  revision = "8d9ed539ba3134352c586810e749e58df4e94e4f"

[[projects]]
  name = "k8s.io/code-generator"
  packages = ["cmd/client-gen","cmd/client-gen/args","cmd/client-gen/generators","cmd/client-gen/generators/fake","cmd/client-gen/generators/scheme","cmd/client-gen/generators/util","cmd/client-gen/path","cmd/client-gen/types","cmd/conversion-gen","cmd/conversion-gen/args","cmd/conversion-gen/generators","cmd/deepcopy-gen","cmd/deepcopy-gen/args","cmd/defaulter-gen","cmd/defaulter-gen/args","cmd/informer-gen","cmd/informer-gen/args","cmd/informer-gen/generators","cmd/lister-gen","cmd/lister-gen/args","cmd/lister-gen/generators","pkg/util"]
  revision = "c2090bec4d9b1fb25de3812f868accc2bc9ecbae"

[[projects]]
  branch = "master"
  name = "k8s.io/gengo"
  packages = ["args","examples/deepcopy-gen/generators","examples/defaulter-gen/generators","examples/set-gen/sets","generator","namer","parser","types"]
  revision = "ebc107f98eab922ef99d645781b87caca01f4f48"

[[projects]]
  name = "k8s.io/klog"
  packages = ["."]
  revision = "2ca9ad30301bf30a8a6e0fa2110db6b8df699a91"
  version = "v1.0.0"

[[projects]]
  name = "k8s.io/kube-openapi"
  packages = ["cmd/openapi-gen","cmd/openapi-gen/args","pkg/common","pkg/generators","pkg/generators/rules","pkg/util/sets"]
  revision = "0cf8f7e6ed1d2e3d47d02e3b6e559369af24d803"

[[projects]]
  branch = "master"
  name = "k8s.io/sample-controller"
  packages = ["pkg/signals"]
  revision = "ac9726f261cc1e4aeaecf99bf8cdda1b688ec65f"

[[projects]]
  name = "sigs.k8s.io/controller-runtime"
  packages = ["pkg/cache","pkg/cache/internal","pkg/client","pkg/client/apiutil","pkg/reconcile","pkg/runtime/log","pkg/runtime/scheme"]
  revision = "12d98582e72927b6cd0123e2b4e819f9341ce62c"
  version = "v0.1.10"

[[projects]]
  name = "sigs.k8s.io/controller-tools"
  packages = ["pkg/crd/generator","pkg/crd/util","pkg/internal/codegen","pkg/internal/codegen/parse","pkg/internal/general","pkg/util"]
  revision = "950a0e88e4effb864253b3c7504b326cc83b9d11"
  version = "v0.1.8"

[[projects]]
  name = "sigs.k8s.io/yaml"
  packages = ["."]
  revision = "fd68e9863619f6ec2fdd8625fe1f02e7c877e480"
  version = "v1.1.0"

[solve-meta]
  analyzer-name = "dep"
  analyzer-version = 1
  inputs-digest = "c521641a304967bc1dba790982a5ec4d0f0a90c7380b0c6fd18f32aa943f1119"
  solver-name = "gps-cdcl"
  solver-version = 1
